
Microsoft Visual Studio Solution File, Format Version 12.00
# Visual Studio Version 18
VisualStudioVersion = 18.6.11822.322
MinimumVisualStudioVersion = 10.0.40219.1
Project("{F2A71F9B-5D33-465A-A702-920D77279786}") = "FoxBlog.WebAPI", "FoxBlog.WebAPI\FoxBlog.WebAPI.fsproj", "{838FE9FD-D3F5-4A1C-BF03-CA5A74B742D1}"
EndProject
Project("{F2A71F9B-5D33-465A-A702-920D77279786}") = "FoxBlog.View", "FoxBlog.View\FoxBlog.View.fsproj", "{E13FBC3E-328F-4B26-A573-352DDAD1227E}"
EndProject
Project("{F2A71F9B-5D33-465A-A702-920D77279786}") = "FoxBlog.FrontendScript", "FoxBlog.FrontendScript\FoxBlog.FrontendScript.fsproj", "{5FA94C9C-07EE-4427-8B5B-799086552A01}"
EndProject
Project("{F2A71F9B-5D33-465A-A702-920D77279786}") = "FoxBlog.Contract", "FoxBlog.Contract\FoxBlog.Contract.fsproj", "{B7A0F27A-20A4-432D-8AA6-88CB9DE14D83}"
EndProject
Global
	GlobalSection(SolutionConfigurationPlatforms) = preSolution
		Debug|Any CPU = Debug|Any CPU
		Release|Any CPU = Release|Any CPU
	EndGlobalSection
	GlobalSection(ProjectConfigurationPlatforms) = postSolution
		{838FE9FD-D3F5-4A1C-BF03-CA5A74B742D1}.Debug|Any CPU.ActiveCfg = Debug|Any CPU
		{838FE9FD-D3F5-4A1C-BF03-CA5A74B742D1}.Debug|Any CPU.Build.0 = Debug|Any CPU
		{838FE9FD-D3F5-4A1C-BF03-CA5A74B742D1}.Release|Any CPU.ActiveCfg = Release|Any CPU
		{838FE9FD-D3F5-4A1C-BF03-CA5A74B742D1}.Release|Any CPU.Build.0 = Release|Any CPU
		{E13FBC3E-328F-4B26-A573-352DDAD1227E}.Debug|Any CPU.ActiveCfg = Debug|Any CPU
		{E13FBC3E-328F-4B26-A573-352DDAD1227E}.Debug|Any CPU.Build.0 = Debug|Any CPU
		{E13FBC3E-328F-4B26-A573-352DDAD1227E}.Release|Any CPU.ActiveCfg = Release|Any CPU
		{E13FBC3E-328F-4B26-A573-352DDAD1227E}.Release|Any CPU.Build.0 = Release|Any CPU
		{5FA94C9C-07EE-4427-8B5B-799086552A01}.Debug|Any CPU.ActiveCfg = Debug|Any CPU
		{5FA94C9C-07EE-4427-8B5B-799086552A01}.Debug|Any CPU.Build.0 = Debug|Any CPU
		{5FA94C9C-07EE-4427-8B5B-799086552A01}.Release|Any CPU.ActiveCfg = Release|Any CPU
		{5FA94C9C-07EE-4427-8B5B-799086552A01}.Release|Any CPU.Build.0 = Release|Any CPU
		{B7A0F27A-20A4-432D-8AA6-88CB9DE14D83}.Debug|Any CPU.ActiveCfg = Debug|Any CPU
		{B7A0F27A-20A4-432D-8AA6-88CB9DE14D83}.Debug|Any CPU.Build.0 = Debug|Any CPU
		{B7A0F27A-20A4-432D-8AA6-88CB9DE14D83}.Release|Any CPU.ActiveCfg = Release|Any CPU
		{B7A0F27A-20A4-432D-8AA6-88CB9DE14D83}.Release|Any CPU.Build.0 = Release|Any CPU
	EndGlobalSection
	GlobalSection(SolutionProperties) = preSolution
		HideSolutionNode = FALSE
	EndGlobalSection
	GlobalSection(ExtensibilityGlobals) = postSolution
		SolutionGuid = {059AEA15-10A4-42DB-9630-F52C9476873E}
	EndGlobalSection
EndGlobal
